{
  "pins" : [
    {
      "identity" : "aoctools",
      "kind" : "remoteSourceControl",
      "location" : "https://github.com/gereons/AoCTools",
      "state" : {
        "revision" : "18c5924f03b6e1b3d5f61186a5562a88baf5d774",
        "version" : "0.0.39"
      }
    },
    {
      "identity" : "bigint",
      "kind" : "remoteSourceControl",
      "location" : "https://github.com/attaswift/BigInt",
      "state" : {
        "revision" : "0ed110f7555c34ff468e72e1686e59721f2b0da6",
        "version" : "5.3.0"
      }
    }
  ],
  "version" : 2
}
