{
  "object": {
    "pins": [
      {
        "package": "AoCTools",
        "repositoryURL": "https://github.com/gereons/AoCTools",
        "state": {
          "branch": null,
          "revision": "e1347aa92341fc905ca5068cc6ff2bccf14c715d",
          "version": "0.0.24"
        }
      }
    ]
  },
  "version": 1
}
